
Microsoft Visual Studio Solution File, Format Version 12.00
# Visual Studio Version 16
VisualStudioVersion = 25.0.1703.5
MinimumVisualStudioVersion = 10.0.40219.1
Project("{FAE04EC0-301F-11D3-BF4B-00C04F79EFBC}") = "Homework", "Homework\Homework.csproj", "{284BAA07-90B6-47B0-A10E-670D49DF5BB7}"
EndProject
Project("{FAE04EC0-301F-11D3-BF4B-00C04F79EFBC}") = "toomatch", "toomatch\toomatch.csproj", "{6E7DFE29-EA80-4931-8B98-5F4299801EE8}"
EndProject
Global
	GlobalSection(SolutionConfigurationPlatforms) = preSolution
		Debug|Any CPU = Debug|Any CPU
		Release|Any CPU = Release|Any CPU
	EndGlobalSection
	GlobalSection(ProjectConfigurationPlatforms) = postSolution
		{284BAA07-90B6-47B0-A10E-670D49DF5BB7}.Debug|Any CPU.ActiveCfg = Debug|Any CPU
		{284BAA07-90B6-47B0-A10E-670D49DF5BB7}.Debug|Any CPU.Build.0 = Debug|Any CPU
		{284BAA07-90B6-47B0-A10E-670D49DF5BB7}.Release|Any CPU.ActiveCfg = Release|Any CPU
		{284BAA07-90B6-47B0-A10E-670D49DF5BB7}.Release|Any CPU.Build.0 = Release|Any CPU
		{6E7DFE29-EA80-4931-8B98-5F4299801EE8}.Debug|Any CPU.ActiveCfg = Debug|Any CPU
		{6E7DFE29-EA80-4931-8B98-5F4299801EE8}.Debug|Any CPU.Build.0 = Debug|Any CPU
		{6E7DFE29-EA80-4931-8B98-5F4299801EE8}.Release|Any CPU.ActiveCfg = Release|Any CPU
		{6E7DFE29-EA80-4931-8B98-5F4299801EE8}.Release|Any CPU.Build.0 = Release|Any CPU
	EndGlobalSection
	GlobalSection(SolutionProperties) = preSolution
		HideSolutionNode = FALSE
	EndGlobalSection
	GlobalSection(ExtensibilityGlobals) = postSolution
		SolutionGuid = {4308BCC9-8AEC-4FE9-9F9F-B64B1B2C1A91}
	EndGlobalSection
	GlobalSection(MonoDevelopProperties) = preSolution
		Policies = $0
		$0.DotNetNamingPolicy = $1
		$1.DirectoryNamespaceAssociation = PrefixedHierarchical
		$0.TextStylePolicy = $2
		$2.inheritsSet = null
		$2.scope = text/x-csharp
		$0.CSharpFormattingPolicy = $3
		$3.scope = text/x-csharp
		$0.TextStylePolicy = $4
		$4.FileWidth = 80
		$4.TabsToSpaces = True
		$4.scope = text/plain
		$0.StandardHeader = $5
	EndGlobalSection
EndGlobal
